
Microsoft Visual Studio Solution File, Format Version 12.00
# Visual Studio Version 17
VisualStudioVersion = 17.0.31903.59
MinimumVisualStudioVersion = 10.0.40219.1
Project("{FAE04EC0-301F-11D3-BF4B-00C04F79EFBC}") = "NiigatacityKaigoApi", "NiigatacityKaigoApi\NiigatacityKaigoApi.csproj", "{8E3A5C6D-9F7B-4A1E-8C2D-5F6A7B8C9D0E}"
EndProject
Project("{FAE04EC0-301F-11D3-BF4B-00C04F79EFBC}") = "NiigatacityKaigoApi.Tests", "NiigatacityKaigoApi.Tests\NiigatacityKaigoApi.Tests.csproj", "{9F4B6D7E-0A8C-5B2F-9D3E-6G7B8C9D0E1F}"
EndProject
Global
	GlobalSection(SolutionConfigurationPlatforms) = preSolution
		Debug|Any CPU = Debug|Any CPU
		Release|Any CPU = Release|Any CPU
	EndGlobalSection
	GlobalSection(ProjectConfigurationPlatforms) = postSolution
		{8E3A5C6D-9F7B-4A1E-8C2D-5F6A7B8C9D0E}.Debug|Any CPU.ActiveCfg = Debug|Any CPU
		{8E3A5C6D-9F7B-4A1E-8C2D-5F6A7B8C9D0E}.Debug|Any CPU.Build.0 = Debug|Any CPU
		{8E3A5C6D-9F7B-4A1E-8C2D-5F6A7B8C9D0E}.Release|Any CPU.ActiveCfg = Release|Any CPU
		{8E3A5C6D-9F7B-4A1E-8C2D-5F6A7B8C9D0E}.Release|Any CPU.Build.0 = Release|Any CPU
		{9F4B6D7E-0A8C-5B2F-9D3E-6G7B8C9D0E1F}.Debug|Any CPU.ActiveCfg = Debug|Any CPU
		{9F4B6D7E-0A8C-5B2F-9D3E-6G7B8C9D0E1F}.Debug|Any CPU.Build.0 = Debug|Any CPU
		{9F4B6D7E-0A8C-5B2F-9D3E-6G7B8C9D0E1F}.Release|Any CPU.ActiveCfg = Release|Any CPU
		{9F4B6D7E-0A8C-5B2F-9D3E-6G7B8C9D0E1F}.Release|Any CPU.Build.0 = Release|Any CPU
	EndGlobalSection
EndGlobal
